
Microsoft Visual Studio Solution File, Format Version 12.00
# Visual Studio Version 17
VisualStudioVersion = 17.14.36518.9 d17.14
MinimumVisualStudioVersion = 10.0.40219.1
Project("{FAE04EC0-301F-11D3-BF4B-00C04F79EFBC}") = "AbstraCountries.Api", "AbstraCountries.Api\AbstraCountries.Api.csproj", "{E0F98620-FA57-4D0A-922E-E975E97351A2}"
EndProject
Project("{FAE04EC0-301F-11D3-BF4B-00C04F79EFBC}") = "AbstraCountries.Managers", "AbstraCountries.Managers\AbstraCountries.Managers.csproj", "{8F37BA42-9DA2-4F3B-934F-4509952F7552}"
EndProject
Project("{FAE04EC0-301F-11D3-BF4B-00C04F79EFBC}") = "AbstraCountries.Accessors", "AbstraCountries.Accessors\AbstraCountries.Accessors.csproj", "{3DC3A2D6-2086-4D3D-89C2-A1A141E803BF}"
EndProject
Project("{FAE04EC0-301F-11D3-BF4B-00C04F79EFBC}") = "AbstraCountries.Contracts", "AbstraCountries.Contracts\AbstraCountries.Contracts.csproj", "{7D9A4403-3F61-4F9E-BE3E-EEC0CAB15FBC}"
EndProject
Project("{FAE04EC0-301F-11D3-BF4B-00C04F79EFBC}") = "AbstraCountries.Resources", "AbstraCountries.Resources\AbstraCountries.Resources.csproj", "{0A9374CC-E97C-420B-B656-CB2E433B6766}"
EndProject
Project("{FAE04EC0-301F-11D3-BF4B-00C04F79EFBC}") = "AbstraCountries.Tests", "AbstraCountries.Tests\AbstraCountries.Tests.csproj", "{D8C23FC1-9A3F-48A6-B43D-E90C2756EC37}"
EndProject
Global
	GlobalSection(SolutionConfigurationPlatforms) = preSolution
		Debug|Any CPU = Debug|Any CPU
		Release|Any CPU = Release|Any CPU
	EndGlobalSection
	GlobalSection(ProjectConfigurationPlatforms) = postSolution
		{E0F98620-FA57-4D0A-922E-E975E97351A2}.Debug|Any CPU.ActiveCfg = Debug|Any CPU
		{E0F98620-FA57-4D0A-922E-E975E97351A2}.Debug|Any CPU.Build.0 = Debug|Any CPU
		{E0F98620-FA57-4D0A-922E-E975E97351A2}.Release|Any CPU.ActiveCfg = Release|Any CPU
		{E0F98620-FA57-4D0A-922E-E975E97351A2}.Release|Any CPU.Build.0 = Release|Any CPU
		{8F37BA42-9DA2-4F3B-934F-4509952F7552}.Debug|Any CPU.ActiveCfg = Debug|Any CPU
		{8F37BA42-9DA2-4F3B-934F-4509952F7552}.Debug|Any CPU.Build.0 = Debug|Any CPU
		{8F37BA42-9DA2-4F3B-934F-4509952F7552}.Release|Any CPU.ActiveCfg = Release|Any CPU
		{8F37BA42-9DA2-4F3B-934F-4509952F7552}.Release|Any CPU.Build.0 = Release|Any CPU
		{3DC3A2D6-2086-4D3D-89C2-A1A141E803BF}.Debug|Any CPU.ActiveCfg = Debug|Any CPU
		{3DC3A2D6-2086-4D3D-89C2-A1A141E803BF}.Debug|Any CPU.Build.0 = Debug|Any CPU
		{3DC3A2D6-2086-4D3D-89C2-A1A141E803BF}.Release|Any CPU.ActiveCfg = Release|Any CPU
		{3DC3A2D6-2086-4D3D-89C2-A1A141E803BF}.Release|Any CPU.Build.0 = Release|Any CPU
		{7D9A4403-3F61-4F9E-BE3E-EEC0CAB15FBC}.Debug|Any CPU.ActiveCfg = Debug|Any CPU
		{7D9A4403-3F61-4F9E-BE3E-EEC0CAB15FBC}.Debug|Any CPU.Build.0 = Debug|Any CPU
		{7D9A4403-3F61-4F9E-BE3E-EEC0CAB15FBC}.Release|Any CPU.ActiveCfg = Release|Any CPU
		{7D9A4403-3F61-4F9E-BE3E-EEC0CAB15FBC}.Release|Any CPU.Build.0 = Release|Any CPU
		{0A9374CC-E97C-420B-B656-CB2E433B6766}.Debug|Any CPU.ActiveCfg = Debug|Any CPU
		{0A9374CC-E97C-420B-B656-CB2E433B6766}.Debug|Any CPU.Build.0 = Debug|Any CPU
		{0A9374CC-E97C-420B-B656-CB2E433B6766}.Release|Any CPU.ActiveCfg = Release|Any CPU
		{0A9374CC-E97C-420B-B656-CB2E433B6766}.Release|Any CPU.Build.0 = Release|Any CPU
		{D8C23FC1-9A3F-48A6-B43D-E90C2756EC37}.Debug|Any CPU.ActiveCfg = Debug|Any CPU
		{D8C23FC1-9A3F-48A6-B43D-E90C2756EC37}.Debug|Any CPU.Build.0 = Debug|Any CPU
		{D8C23FC1-9A3F-48A6-B43D-E90C2756EC37}.Release|Any CPU.ActiveCfg = Release|Any CPU
		{D8C23FC1-9A3F-48A6-B43D-E90C2756EC37}.Release|Any CPU.Build.0 = Release|Any CPU
	EndGlobalSection
	GlobalSection(SolutionProperties) = preSolution
		HideSolutionNode = FALSE
	EndGlobalSection
	GlobalSection(ExtensibilityGlobals) = postSolution
		SolutionGuid = {E8FF9EC3-2F93-4C62-B771-2A5374DE229E}
	EndGlobalSection
EndGlobal
